
Microsoft Visual Studio Solution File, Format Version 12.00
# Visual Studio Version 16
VisualStudioVersion = 16.0.32126.315
MinimumVisualStudioVersion = 10.0.40219.1
Project("{2150E333-8FDC-42A3-9474-1A3956D46DE8}") = "Foundation", "Foundation", "{8B5D33BB-01E6-4CD4-8017-C9E7B68647C4}"
EndProject
Project("{2150E333-8FDC-42A3-9474-1A3956D46DE8}") = "Feature", "Feature", "{1177E148-4A04-4480-95EE-8B6C242E3F43}"
EndProject
Project("{2150E333-8FDC-42A3-9474-1A3956D46DE8}") = "Project", "Project", "{16D82A95-1DA7-44A4-A94F-C0889051DEF9}"
EndProject
Project("{2150E333-8FDC-42A3-9474-1A3956D46DE8}") = "MolinaHc", "MolinaHc", "{45A7D553-A036-4736-A4E0-C0B94D4D5E4F}"
EndProject
Project("{2150E333-8FDC-42A3-9474-1A3956D46DE8}") = "Serialization", "Serialization", "{C6E68F1D-1947-4B32-8C3B-DCB216FD34BD}"
EndProject
Project("{2150E333-8FDC-42A3-9474-1A3956D46DE8}") = "PageContent", "PageContent", "{5F197F06-E3A1-45BA-B363-D38F227E9C06}"
EndProject
Project("{FAE04EC0-301F-11D3-BF4B-00C04F79EFBC}") = "Molina.Project.MolinaHc", "src\Project\MolinaHc\Website\Molina.Project.MolinaHc.csproj", "{ED68AAC6-7EDF-4E28-91C4-E2190DAF2F07}"
EndProject
Project("{FAE04EC0-301F-11D3-BF4B-00C04F79EFBC}") = "Molina.Feature.PageContent", "src\Feature\PageContent\Website\Molina.Feature.PageContent.csproj", "{7CD588A1-FD00-45FA-A43D-3701318ED929}"
EndProject
Project("{FAE04EC0-301F-11D3-BF4B-00C04F79EFBC}") = "Molina.Foundation.Serialization", "src\Foundation\Serialization\Website\Molina.Foundation.Serialization.csproj", "{74A2D72C-A02B-4B57-AE63-CF8E2D43CBD0}"
EndProject
Project("{2150E333-8FDC-42A3-9474-1A3956D46DE8}") = "Publish", "Publish", "{3262CA17-F255-4BA6-8BE2-F1A55B8CEDDC}"
EndProject
Project("{FAE04EC0-301F-11D3-BF4B-00C04F79EFBC}") = "Molina.Project.Publish", "src\Project\Publish\Website\Molina.Project.Publish.csproj", "{0FA15FD0-0B07-4B18-9591-C53783F193D4}"
EndProject
Project("{2150E333-8FDC-42A3-9474-1A3956D46DE8}") = "Patients", "Patients", "{907EBD1E-C150-4F6E-BF6D-7E4E9E7B43D4}"
EndProject
Project("{FAE04EC0-301F-11D3-BF4B-00C04F79EFBC}") = "Molina.Feature.Patients", "src\Feature\Patients\Website\Molina.Feature.Patients.csproj", "{DA88BA28-C5D9-4EE5-AB8E-5A3FF219EDCF}"
EndProject
Global
	GlobalSection(SolutionConfigurationPlatforms) = preSolution
		Debug|Any CPU = Debug|Any CPU
		Release|Any CPU = Release|Any CPU
	EndGlobalSection
	GlobalSection(ProjectConfigurationPlatforms) = postSolution
		{ED68AAC6-7EDF-4E28-91C4-E2190DAF2F07}.Debug|Any CPU.ActiveCfg = Debug|Any CPU
		{ED68AAC6-7EDF-4E28-91C4-E2190DAF2F07}.Debug|Any CPU.Build.0 = Debug|Any CPU
		{ED68AAC6-7EDF-4E28-91C4-E2190DAF2F07}.Release|Any CPU.ActiveCfg = Release|Any CPU
		{ED68AAC6-7EDF-4E28-91C4-E2190DAF2F07}.Release|Any CPU.Build.0 = Release|Any CPU
		{7CD588A1-FD00-45FA-A43D-3701318ED929}.Debug|Any CPU.ActiveCfg = Debug|Any CPU
		{7CD588A1-FD00-45FA-A43D-3701318ED929}.Debug|Any CPU.Build.0 = Debug|Any CPU
		{7CD588A1-FD00-45FA-A43D-3701318ED929}.Release|Any CPU.ActiveCfg = Release|Any CPU
		{7CD588A1-FD00-45FA-A43D-3701318ED929}.Release|Any CPU.Build.0 = Release|Any CPU
		{74A2D72C-A02B-4B57-AE63-CF8E2D43CBD0}.Debug|Any CPU.ActiveCfg = Debug|Any CPU
		{74A2D72C-A02B-4B57-AE63-CF8E2D43CBD0}.Debug|Any CPU.Build.0 = Debug|Any CPU
		{74A2D72C-A02B-4B57-AE63-CF8E2D43CBD0}.Release|Any CPU.ActiveCfg = Release|Any CPU
		{74A2D72C-A02B-4B57-AE63-CF8E2D43CBD0}.Release|Any CPU.Build.0 = Release|Any CPU
		{0FA15FD0-0B07-4B18-9591-C53783F193D4}.Debug|Any CPU.ActiveCfg = Debug|Any CPU
		{0FA15FD0-0B07-4B18-9591-C53783F193D4}.Debug|Any CPU.Build.0 = Debug|Any CPU
		{0FA15FD0-0B07-4B18-9591-C53783F193D4}.Release|Any CPU.ActiveCfg = Release|Any CPU
		{0FA15FD0-0B07-4B18-9591-C53783F193D4}.Release|Any CPU.Build.0 = Release|Any CPU
		{DA88BA28-C5D9-4EE5-AB8E-5A3FF219EDCF}.Debug|Any CPU.ActiveCfg = Debug|Any CPU
		{DA88BA28-C5D9-4EE5-AB8E-5A3FF219EDCF}.Debug|Any CPU.Build.0 = Debug|Any CPU
		{DA88BA28-C5D9-4EE5-AB8E-5A3FF219EDCF}.Release|Any CPU.ActiveCfg = Release|Any CPU
		{DA88BA28-C5D9-4EE5-AB8E-5A3FF219EDCF}.Release|Any CPU.Build.0 = Release|Any CPU
	EndGlobalSection
	GlobalSection(SolutionProperties) = preSolution
		HideSolutionNode = FALSE
	EndGlobalSection
	GlobalSection(NestedProjects) = preSolution
		{45A7D553-A036-4736-A4E0-C0B94D4D5E4F} = {16D82A95-1DA7-44A4-A94F-C0889051DEF9}
		{C6E68F1D-1947-4B32-8C3B-DCB216FD34BD} = {8B5D33BB-01E6-4CD4-8017-C9E7B68647C4}
		{5F197F06-E3A1-45BA-B363-D38F227E9C06} = {1177E148-4A04-4480-95EE-8B6C242E3F43}
		{ED68AAC6-7EDF-4E28-91C4-E2190DAF2F07} = {45A7D553-A036-4736-A4E0-C0B94D4D5E4F}
		{7CD588A1-FD00-45FA-A43D-3701318ED929} = {5F197F06-E3A1-45BA-B363-D38F227E9C06}
		{74A2D72C-A02B-4B57-AE63-CF8E2D43CBD0} = {C6E68F1D-1947-4B32-8C3B-DCB216FD34BD}
		{3262CA17-F255-4BA6-8BE2-F1A55B8CEDDC} = {16D82A95-1DA7-44A4-A94F-C0889051DEF9}
		{0FA15FD0-0B07-4B18-9591-C53783F193D4} = {3262CA17-F255-4BA6-8BE2-F1A55B8CEDDC}
		{907EBD1E-C150-4F6E-BF6D-7E4E9E7B43D4} = {1177E148-4A04-4480-95EE-8B6C242E3F43}
		{DA88BA28-C5D9-4EE5-AB8E-5A3FF219EDCF} = {907EBD1E-C150-4F6E-BF6D-7E4E9E7B43D4}
	EndGlobalSection
	GlobalSection(ExtensibilityGlobals) = postSolution
		EnterpriseLibraryConfigurationToolBinariesPathV6 = packages\EnterpriseLibrary.Common.6.0.1304.0\lib\NET45;packages\EnterpriseLibrary.TransientFaultHandling.6.0.1304.0\lib\portable-net45+win+wp8;packages\EnterpriseLibrary.TransientFaultHandling.Caching.6.0.1304.0\lib\NET45;packages\EnterpriseLibrary.TransientFaultHandling.Data.6.0.1304.1\lib\NET45;packages\EnterpriseLibrary.TransientFaultHandling.ServiceBus.6.0.1304.0\lib\NET45;packages\EnterpriseLibrary.TransientFaultHandling.WindowsAzure.Storage.6.0.1304.0\lib\NET45;packages\EnterpriseLibrary.TransientFaultHandling.Configuration.6.0.1304.0\lib\NET45
		SolutionGuid = {6450F905-82D4-472C-8092-BA36B1FEF45B}
	EndGlobalSection
EndGlobal
